{
  "name": "atlas-html-stream",
  "version": "1.0.0",
  "lockfileVersion": 1,
  "requires": true,
  "dependencies": {
    "atlas-seq-matcher": {
      "version": "1.0.0",
      "resolved": "https://registry.npmjs.org/atlas-seq-matcher/-/atlas-seq-matcher-1.0.0.tgz",
      "integrity": "sha512-UORC5j5uEFLQ+xeV6hpqXpbBJeGuuuHqIKdrAZJyzkZO53vySJ2Dx6/FR2d7xQ3JZj7lYYs9YgX3rH04JB5f3w=="
    }
  }
}
